
Microsoft Visual Studio Solution File, Format Version 12.00
# Visual Studio 2013
Project("{FAE04EC0-301F-11D3-BF4B-00C04F79EFBC}") = "UnityVS.EasyMotion.CSharp.Editor", "UnityVS.EasyMotion.CSharp.Editor.csproj", "{03B13855-3CB5-F818-5FD5-2AF17245B09E}"
EndProject
Project("{FAE04EC0-301F-11D3-BF4B-00C04F79EFBC}") = "UnityVS.EasyMotion.CSharp", "UnityVS.EasyMotion.CSharp.csproj", "{F650CC5A-5363-46FE-DE4E-66CBC9F9B3EA}"
EndProject
Global
	GlobalSection(SolutionConfigurationPlatforms) = preSolution
		Debug|Any CPU = Debug|Any CPU
		Release|Any CPU = Release|Any CPU
	EndGlobalSection
	GlobalSection(ProjectConfigurationPlatforms) = postSolution
		{03B13855-3CB5-F818-5FD5-2AF17245B09E}.Debug|Any CPU.ActiveCfg = Debug|Any CPU
		{03B13855-3CB5-F818-5FD5-2AF17245B09E}.Debug|Any CPU.Build.0 = Debug|Any CPU
		{03B13855-3CB5-F818-5FD5-2AF17245B09E}.Release|Any CPU.ActiveCfg = Release|Any CPU
		{03B13855-3CB5-F818-5FD5-2AF17245B09E}.Release|Any CPU.Build.0 = Release|Any CPU
		{F650CC5A-5363-46FE-DE4E-66CBC9F9B3EA}.Debug|Any CPU.ActiveCfg = Debug|Any CPU
		{F650CC5A-5363-46FE-DE4E-66CBC9F9B3EA}.Debug|Any CPU.Build.0 = Debug|Any CPU
		{F650CC5A-5363-46FE-DE4E-66CBC9F9B3EA}.Release|Any CPU.ActiveCfg = Release|Any CPU
		{F650CC5A-5363-46FE-DE4E-66CBC9F9B3EA}.Release|Any CPU.Build.0 = Release|Any CPU
	EndGlobalSection
	GlobalSection(SolutionProperties) = preSolution
		HideSolutionNode = FALSE
	EndGlobalSection
EndGlobal
